
Microsoft Visual Studio Solution File, Format Version 12.00
# Visual Studio 15
VisualStudioVersion = 15.0.27428.1
MinimumVisualStudioVersion = 10.0.40219.1
Project("{FAE04EC0-301F-11D3-BF4B-00C04F79EFBC}") = "WebAvaliacaoNeppo", "WebAvaliacaoNeppo\WebAvaliacaoNeppo.csproj", "{63F48DCD-6EB5-4ADC-8AFE-EA58F7D0BB9B}"
EndProject
Global
	GlobalSection(SolutionConfigurationPlatforms) = preSolution
		Debug|Any CPU = Debug|Any CPU
		Release|Any CPU = Release|Any CPU
	EndGlobalSection
	GlobalSection(ProjectConfigurationPlatforms) = postSolution
		{63F48DCD-6EB5-4ADC-8AFE-EA58F7D0BB9B}.Debug|Any CPU.ActiveCfg = Debug|Any CPU
		{63F48DCD-6EB5-4ADC-8AFE-EA58F7D0BB9B}.Debug|Any CPU.Build.0 = Debug|Any CPU
		{63F48DCD-6EB5-4ADC-8AFE-EA58F7D0BB9B}.Release|Any CPU.ActiveCfg = Release|Any CPU
		{63F48DCD-6EB5-4ADC-8AFE-EA58F7D0BB9B}.Release|Any CPU.Build.0 = Release|Any CPU
	EndGlobalSection
	GlobalSection(SolutionProperties) = preSolution
		HideSolutionNode = FALSE
	EndGlobalSection
	GlobalSection(ExtensibilityGlobals) = postSolution
		SolutionGuid = {E3409FF5-9639-4978-AD46-D14630A62A3E}
	EndGlobalSection
EndGlobal
